// !$*UTF8*$!
{
	archiveVersion = 1;
	classes = {
	};
	objectVersion = 56;
	objects = {

/* Begin PBXBuildFile section */
		AE274FC52AE44FDD0054AB5B /* HomeView.swift in Sources */ = {isa = PBXBuildFile; fileRef = AE274FC42AE44FDD0054AB5B /* HomeView.swift */; };
		AE3E4DCB2ADDC6E400F51E81 /* AppleFrameworksApp.swift in Sources */ = {isa = PBXBuildFile; fileRef = AE3E4DCA2ADDC6E400F51E81 /* AppleFrameworksApp.swift */; };
		AE3E4DCF2ADDC6E500F51E81 /* Assets.xcassets in Resources */ = {isa = PBXBuildFile; fileRef = AE3E4DCE2ADDC6E500F51E81 /* Assets.xcassets */; };
		AE3E4DD22ADDC6E500F51E81 /* Preview Assets.xcassets in Resources */ = {isa = PBXBuildFile; fileRef = AE3E4DD12ADDC6E500F51E81 /* Preview Assets.xcassets */; };
		AE3E4DD92ADDC79400F51E81 /* Framework.swift in Sources */ = {isa = PBXBuildFile; fileRef = AE3E4DD82ADDC79400F51E81 /* Framework.swift */; };
		AE3E4DDB2ADDC8FF00F51E81 /* FrameworksView.swift in Sources */ = {isa = PBXBuildFile; fileRef = AE3E4DDA2ADDC8FF00F51E81 /* FrameworksView.swift */; };
		AE5F811C2ADEE243002E8972 /* FrameworksViewModel.swift in Sources */ = {isa = PBXBuildFile; fileRef = AE5F811B2ADEE243002E8972 /* FrameworksViewModel.swift */; };
		AE9166E12AE58D0800278721 /* SystemThemeManager.swift in Sources */ = {isa = PBXBuildFile; fileRef = AE9166E02AE58D0800278721 /* SystemThemeManager.swift */; };
		AE9166EC2AE5985500278721 /* FrameworksListViewModel.swift in Sources */ = {isa = PBXBuildFile; fileRef = AE9166EA2AE5985500278721 /* FrameworksListViewModel.swift */; };
		AE9166ED2AE5985500278721 /* FrameworksListView.swift in Sources */ = {isa = PBXBuildFile; fileRef = AE9166EB2AE5985500278721 /* FrameworksListView.swift */; };
		AE9166EF2AE599F600278721 /* Framework-ItemList.swift in Sources */ = {isa = PBXBuildFile; fileRef = AE9166EE2AE599F600278721 /* Framework-ItemList.swift */; };
		AE93D76C2AE05A1700690D1A /* SafariView.swift in Sources */ = {isa = PBXBuildFile; fileRef = AE93D76B2AE05A1700690D1A /* SafariView.swift */; };
		AE93D76E2AE0637E00690D1A /* XDismissButton.swift in Sources */ = {isa = PBXBuildFile; fileRef = AE93D76D2AE0637E00690D1A /* XDismissButton.swift */; };
		AED92E222ADE981200F7CA86 /* Framework-Item.swift in Sources */ = {isa = PBXBuildFile; fileRef = AED92E212ADE981100F7CA86 /* Framework-Item.swift */; };
		AED92E242ADEA78100F7CA86 /* DetailView.swift in Sources */ = {isa = PBXBuildFile; fileRef = AED92E232ADEA78100F7CA86 /* DetailView.swift */; };
		AEE0067E2AE0660700FC66E0 /* AFButton.swift in Sources */ = {isa = PBXBuildFile; fileRef = AEE0067D2AE0660700FC66E0 /* AFButton.swift */; };
		AEEEFA652AE06AE9008691FA /* GeneralSettingsView.swift in Sources */ = {isa = PBXBuildFile; fileRef = AEEEFA642AE06AE9008691FA /* GeneralSettingsView.swift */; };
/* End PBXBuildFile section */

/* Begin PBXFileReference section */
		AE274FC42AE44FDD0054AB5B /* HomeView.swift */ = {isa = PBXFileReference; lastKnownFileType = sourcecode.swift; path = HomeView.swift; sourceTree = "<group>"; };
		AE3E4DC72ADDC6E400F51E81 /* AppleFrameworks.app */ = {isa = PBXFileReference; explicitFileType = wrapper.application; includeInIndex = 0; path = AppleFrameworks.app; sourceTree = BUILT_PRODUCTS_DIR; };
		AE3E4DCA2ADDC6E400F51E81 /* AppleFrameworksApp.swift */ = {isa = PBXFileReference; lastKnownFileType = sourcecode.swift; path = AppleFrameworksApp.swift; sourceTree = "<group>"; };
		AE3E4DCE2ADDC6E500F51E81 /* Assets.xcassets */ = {isa = PBXFileReference; lastKnownFileType = folder.assetcatalog; path = Assets.xcassets; sourceTree = "<group>"; };
		AE3E4DD12ADDC6E500F51E81 /* Preview Assets.xcassets */ = {isa = PBXFileReference; lastKnownFileType = folder.assetcatalog; path = "Preview Assets.xcassets"; sourceTree = "<group>"; };
		AE3E4DD82ADDC79400F51E81 /* Framework.swift */ = {isa = PBXFileReference; lastKnownFileType = sourcecode.swift; path = Framework.swift; sourceTree = "<group>"; };
		AE3E4DDA2ADDC8FF00F51E81 /* FrameworksView.swift */ = {isa = PBXFileReference; lastKnownFileType = sourcecode.swift; path = FrameworksView.swift; sourceTree = "<group>"; };
		AE5F811B2ADEE243002E8972 /* FrameworksViewModel.swift */ = {isa = PBXFileReference; lastKnownFileType = sourcecode.swift; path = FrameworksViewModel.swift; sourceTree = "<group>"; };
		AE9166E02AE58D0800278721 /* SystemThemeManager.swift */ = {isa = PBXFileReference; lastKnownFileType = sourcecode.swift; path = SystemThemeManager.swift; sourceTree = "<group>"; };
		AE9166EA2AE5985500278721 /* FrameworksListViewModel.swift */ = {isa = PBXFileReference; fileEncoding = 4; lastKnownFileType = sourcecode.swift; path = FrameworksListViewModel.swift; sourceTree = "<group>"; };
		AE9166EB2AE5985500278721 /* FrameworksListView.swift */ = {isa = PBXFileReference; fileEncoding = 4; lastKnownFileType = sourcecode.swift; path = FrameworksListView.swift; sourceTree = "<group>"; };
		AE9166EE2AE599F600278721 /* Framework-ItemList.swift */ = {isa = PBXFileReference; fileEncoding = 4; lastKnownFileType = sourcecode.swift; path = "Framework-ItemList.swift"; sourceTree = "<group>"; };
		AE93D76B2AE05A1700690D1A /* SafariView.swift */ = {isa = PBXFileReference; lastKnownFileType = sourcecode.swift; path = SafariView.swift; sourceTree = "<group>"; };
		AE93D76D2AE0637E00690D1A /* XDismissButton.swift */ = {isa = PBXFileReference; lastKnownFileType = sourcecode.swift; path = XDismissButton.swift; sourceTree = "<group>"; };
		AED92E212ADE981100F7CA86 /* Framework-Item.swift */ = {isa = PBXFileReference; lastKnownFileType = sourcecode.swift; path = "Framework-Item.swift"; sourceTree = "<group>"; };
		AED92E232ADEA78100F7CA86 /* DetailView.swift */ = {isa = PBXFileReference; lastKnownFileType = sourcecode.swift; path = DetailView.swift; sourceTree = "<group>"; };
		AEE0067D2AE0660700FC66E0 /* AFButton.swift */ = {isa = PBXFileReference; lastKnownFileType = sourcecode.swift; path = AFButton.swift; sourceTree = "<group>"; };
		AEEEFA642AE06AE9008691FA /* GeneralSettingsView.swift */ = {isa = PBXFileReference; lastKnownFileType = sourcecode.swift; path = GeneralSettingsView.swift; sourceTree = "<group>"; };
/* End PBXFileReference section */

/* Begin PBXFrameworksBuildPhase section */
		AE3E4DC42ADDC6E400F51E81 /* Frameworks */ = {
			isa = PBXFrameworksBuildPhase;
			buildActionMask = 2147483647;
			files = (
			);
			runOnlyForDeploymentPostprocessing = 0;
		};
/* End PBXFrameworksBuildPhase section */

/* Begin PBXGroup section */
		AE274FC32AE44FCD0054AB5B /* HomeView */ = {
			isa = PBXGroup;
			children = (
				AE274FC42AE44FDD0054AB5B /* HomeView.swift */,
			);
			path = HomeView;
			sourceTree = "<group>";
		};
		AE3E4DBE2ADDC6E400F51E81 = {
			isa = PBXGroup;
			children = (
				AE3E4DC92ADDC6E400F51E81 /* AppleFrameworks */,
				AE3E4DC82ADDC6E400F51E81 /* Products */,
			);
			sourceTree = "<group>";
		};
		AE3E4DC82ADDC6E400F51E81 /* Products */ = {
			isa = PBXGroup;
			children = (
				AE3E4DC72ADDC6E400F51E81 /* AppleFrameworks.app */,
			);
			name = Products;
			sourceTree = "<group>";
		};
		AE3E4DC92ADDC6E400F51E81 /* AppleFrameworks */ = {
			isa = PBXGroup;
			children = (
				AEE006862AE0682300FC66E0 /* UIKit Components */,
				AEE006832AE067B800FC66E0 /* Views */,
				AEE006822AE067A700FC66E0 /* Model */,
				AEE0067F2AE066E800FC66E0 /* Screens */,
				AE3E4DCA2ADDC6E400F51E81 /* AppleFrameworksApp.swift */,
				AE3E4DCE2ADDC6E500F51E81 /* Assets.xcassets */,
				AE3E4DD02ADDC6E500F51E81 /* Preview Content */,
			);
			path = AppleFrameworks;
			sourceTree = "<group>";
		};
		AE3E4DD02ADDC6E500F51E81 /* Preview Content */ = {
			isa = PBXGroup;
			children = (
				AE3E4DD12ADDC6E500F51E81 /* Preview Assets.xcassets */,
			);
			path = "Preview Content";
			sourceTree = "<group>";
		};
		AE9166E92AE5985500278721 /* FrameworksListView */ = {
			isa = PBXGroup;
			children = (
				AE9166EB2AE5985500278721 /* FrameworksListView.swift */,
				AE9166EA2AE5985500278721 /* FrameworksListViewModel.swift */,
			);
			path = FrameworksListView;
			sourceTree = "<group>";
		};
		AEE0067F2AE066E800FC66E0 /* Screens */ = {
			isa = PBXGroup;
			children = (
				AE274FC32AE44FCD0054AB5B /* HomeView */,
				AEE006802AE066F300FC66E0 /* FrameworksView */,
				AE9166E92AE5985500278721 /* FrameworksListView */,
				AEE006812AE0670700FC66E0 /* DetailView */,
				AEEEFA632AE06AC4008691FA /* GeneralSettingsView */,
			);
			path = Screens;
			sourceTree = "<group>";
		};
		AEE006802AE066F300FC66E0 /* FrameworksView */ = {
			isa = PBXGroup;
			children = (
				AE3E4DDA2ADDC8FF00F51E81 /* FrameworksView.swift */,
				AE5F811B2ADEE243002E8972 /* FrameworksViewModel.swift */,
			);
			path = FrameworksView;
			sourceTree = "<group>";
		};
		AEE006812AE0670700FC66E0 /* DetailView */ = {
			isa = PBXGroup;
			children = (
				AED92E232ADEA78100F7CA86 /* DetailView.swift */,
			);
			path = DetailView;
			sourceTree = "<group>";
		};
		AEE006822AE067A700FC66E0 /* Model */ = {
			isa = PBXGroup;
			children = (
				AE3E4DD82ADDC79400F51E81 /* Framework.swift */,
				AE9166E02AE58D0800278721 /* SystemThemeManager.swift */,
			);
			path = Model;
			sourceTree = "<group>";
		};
		AEE006832AE067B800FC66E0 /* Views */ = {
			isa = PBXGroup;
			children = (
				AEE006852AE0681000FC66E0 /* View */,
				AEE006842AE067BE00FC66E0 /* Buttons */,
			);
			path = Views;
			sourceTree = "<group>";
		};
		AEE006842AE067BE00FC66E0 /* Buttons */ = {
			isa = PBXGroup;
			children = (
				AE93D76D2AE0637E00690D1A /* XDismissButton.swift */,
				AEE0067D2AE0660700FC66E0 /* AFButton.swift */,
			);
			path = Buttons;
			sourceTree = "<group>";
		};
		AEE006852AE0681000FC66E0 /* View */ = {
			isa = PBXGroup;
			children = (
				AED92E212ADE981100F7CA86 /* Framework-Item.swift */,
				AE9166EE2AE599F600278721 /* Framework-ItemList.swift */,
			);
			path = View;
			sourceTree = "<group>";
		};
		AEE006862AE0682300FC66E0 /* UIKit Components */ = {
			isa = PBXGroup;
			children = (
				AE93D76B2AE05A1700690D1A /* SafariView.swift */,
			);
			path = "UIKit Components";
			sourceTree = "<group>";
		};
		AEEEFA632AE06AC4008691FA /* GeneralSettingsView */ = {
			isa = PBXGroup;
			children = (
				AEEEFA642AE06AE9008691FA /* GeneralSettingsView.swift */,
			);
			path = GeneralSettingsView;
			sourceTree = "<group>";
		};
/* End PBXGroup section */

/* Begin PBXNativeTarget section */
		AE3E4DC62ADDC6E400F51E81 /* AppleFrameworks */ = {
			isa = PBXNativeTarget;
			buildConfigurationList = AE3E4DD52ADDC6E500F51E81 /* Build configuration list for PBXNativeTarget "AppleFrameworks" */;
			buildPhases = (
				AE3E4DC32ADDC6E400F51E81 /* Sources */,
				AE3E4DC42ADDC6E400F51E81 /* Frameworks */,
				AE3E4DC52ADDC6E400F51E81 /* Resources */,
			);
			buildRules = (
			);
			dependencies = (
			);
			name = AppleFrameworks;
			productName = AppleFrameworks;
			productReference = AE3E4DC72ADDC6E400F51E81 /* AppleFrameworks.app */;
			productType = "com.apple.product-type.application";
		};
/* End PBXNativeTarget section */

/* Begin PBXProject section */
		AE3E4DBF2ADDC6E400F51E81 /* Project object */ = {
			isa = PBXProject;
			attributes = {
				BuildIndependentTargetsInParallel = 1;
				LastSwiftUpdateCheck = 1500;
				LastUpgradeCheck = 1500;
				TargetAttributes = {
					AE3E4DC62ADDC6E400F51E81 = {
						CreatedOnToolsVersion = 15.0;
					};
				};
			};
			buildConfigurationList = AE3E4DC22ADDC6E400F51E81 /* Build configuration list for PBXProject "AppleFrameworks" */;
			compatibilityVersion = "Xcode 14.0";
			developmentRegion = en;
			hasScannedForEncodings = 0;
			knownRegions = (
				en,
				Base,
			);
			mainGroup = AE3E4DBE2ADDC6E400F51E81;
			productRefGroup = AE3E4DC82ADDC6E400F51E81 /* Products */;
			projectDirPath = "";
			projectRoot = "";
			targets = (
				AE3E4DC62ADDC6E400F51E81 /* AppleFrameworks */,
			);
		};
/* End PBXProject section */

/* Begin PBXResourcesBuildPhase section */
		AE3E4DC52ADDC6E400F51E81 /* Resources */ = {
			isa = PBXResourcesBuildPhase;
			buildActionMask = 2147483647;
			files = (
				AE3E4DD22ADDC6E500F51E81 /* Preview Assets.xcassets in Resources */,
				AE3E4DCF2ADDC6E500F51E81 /* Assets.xcassets in Resources */,
			);
			runOnlyForDeploymentPostprocessing = 0;
		};
/* End PBXResourcesBuildPhase section */

/* Begin PBXSourcesBuildPhase section */
		AE3E4DC32ADDC6E400F51E81 /* Sources */ = {
			isa = PBXSourcesBuildPhase;
			buildActionMask = 2147483647;
			files = (
				AE3E4DDB2ADDC8FF00F51E81 /* FrameworksView.swift in Sources */,
				AEE0067E2AE0660700FC66E0 /* AFButton.swift in Sources */,
				AE5F811C2ADEE243002E8972 /* FrameworksViewModel.swift in Sources */,
				AED92E222ADE981200F7CA86 /* Framework-Item.swift in Sources */,
				AE3E4DD92ADDC79400F51E81 /* Framework.swift in Sources */,
				AE9166EC2AE5985500278721 /* FrameworksListViewModel.swift in Sources */,
				AE274FC52AE44FDD0054AB5B /* HomeView.swift in Sources */,
				AED92E242ADEA78100F7CA86 /* DetailView.swift in Sources */,
				AEEEFA652AE06AE9008691FA /* GeneralSettingsView.swift in Sources */,
				AE3E4DCB2ADDC6E400F51E81 /* AppleFrameworksApp.swift in Sources */,
				AE93D76C2AE05A1700690D1A /* SafariView.swift in Sources */,
				AE9166EF2AE599F600278721 /* Framework-ItemList.swift in Sources */,
				AE9166E12AE58D0800278721 /* SystemThemeManager.swift in Sources */,
				AE93D76E2AE0637E00690D1A /* XDismissButton.swift in Sources */,
				AE9166ED2AE5985500278721 /* FrameworksListView.swift in Sources */,
			);
			runOnlyForDeploymentPostprocessing = 0;
		};
/* End PBXSourcesBuildPhase section */

/* Begin XCBuildConfiguration section */
		AE3E4DD32ADDC6E500F51E81 /* Debug */ = {
			isa = XCBuildConfiguration;
			buildSettings = {
				ALWAYS_SEARCH_USER_PATHS = NO;
				ASSETCATALOG_COMPILER_GENERATE_SWIFT_ASSET_SYMBOL_EXTENSIONS = YES;
				CLANG_ANALYZER_NONNULL = YES;
				CLANG_ANALYZER_NUMBER_OBJECT_CONVERSION = YES_AGGRESSIVE;
				CLANG_CXX_LANGUAGE_STANDARD = "gnu++20";
				CLANG_ENABLE_MODULES = YES;
				CLANG_ENABLE_OBJC_ARC = YES;
				CLANG_ENABLE_OBJC_WEAK = YES;
				CLANG_WARN_BLOCK_CAPTURE_AUTORELEASING = YES;
				CLANG_WARN_BOOL_CONVERSION = YES;
				CLANG_WARN_COMMA = YES;
				CLANG_WARN_CONSTANT_CONVERSION = YES;
				CLANG_WARN_DEPRECATED_OBJC_IMPLEMENTATIONS = YES;
				CLANG_WARN_DIRECT_OBJC_ISA_USAGE = YES_ERROR;
				CLANG_WARN_DOCUMENTATION_COMMENTS = YES;
				CLANG_WARN_EMPTY_BODY = YES;
				CLANG_WARN_ENUM_CONVERSION = YES;
				CLANG_WARN_INFINITE_RECURSION = YES;
				CLANG_WARN_INT_CONVERSION = YES;
				CLANG_WARN_NON_LITERAL_NULL_CONVERSION = YES;
				CLANG_WARN_OBJC_IMPLICIT_RETAIN_SELF = YES;
				CLANG_WARN_OBJC_LITERAL_CONVERSION = YES;
				CLANG_WARN_OBJC_ROOT_CLASS = YES_ERROR;
				CLANG_WARN_QUOTED_INCLUDE_IN_FRAMEWORK_HEADER = YES;
				CLANG_WARN_RANGE_LOOP_ANALYSIS = YES;
				CLANG_WARN_STRICT_PROTOTYPES = YES;
				CLANG_WARN_SUSPICIOUS_MOVE = YES;
				CLANG_WARN_UNGUARDED_AVAILABILITY = YES_AGGRESSIVE;
				CLANG_WARN_UNREACHABLE_CODE = YES;
				CLANG_WARN__DUPLICATE_METHOD_MATCH = YES;
				COPY_PHASE_STRIP = NO;
				DEBUG_INFORMATION_FORMAT = dwarf;
				ENABLE_STRICT_OBJC_MSGSEND = YES;
				ENABLE_TESTABILITY = YES;
				ENABLE_USER_SCRIPT_SANDBOXING = YES;
				GCC_C_LANGUAGE_STANDARD = gnu17;
				GCC_DYNAMIC_NO_PIC = NO;
				GCC_NO_COMMON_BLOCKS = YES;
				GCC_OPTIMIZATION_LEVEL = 0;
				GCC_PREPROCESSOR_DEFINITIONS = (
					"DEBUG=1",
					"$(inherited)",
				);
				GCC_WARN_64_TO_32_BIT_CONVERSION = YES;
				GCC_WARN_ABOUT_RETURN_TYPE = YES_ERROR;
				GCC_WARN_UNDECLARED_SELECTOR = YES;
				GCC_WARN_UNINITIALIZED_AUTOS = YES_AGGRESSIVE;
				GCC_WARN_UNUSED_FUNCTION = YES;
				GCC_WARN_UNUSED_VARIABLE = YES;
				IPHONEOS_DEPLOYMENT_TARGET = 17.0;
				LOCALIZATION_PREFERS_STRING_CATALOGS = YES;
				MTL_ENABLE_DEBUG_INFO = INCLUDE_SOURCE;
				MTL_FAST_MATH = YES;
				ONLY_ACTIVE_ARCH = YES;
				SDKROOT = iphoneos;
				SWIFT_ACTIVE_COMPILATION_CONDITIONS = "DEBUG $(inherited)";
				SWIFT_OPTIMIZATION_LEVEL = "-Onone";
			};
			name = Debug;
		};
		AE3E4DD42ADDC6E500F51E81 /* Release */ = {
			isa = XCBuildConfiguration;
			buildSettings = {
				ALWAYS_SEARCH_USER_PATHS = NO;
				ASSETCATALOG_COMPILER_GENERATE_SWIFT_ASSET_SYMBOL_EXTENSIONS = YES;
				CLANG_ANALYZER_NONNULL = YES;
				CLANG_ANALYZER_NUMBER_OBJECT_CONVERSION = YES_AGGRESSIVE;
				CLANG_CXX_LANGUAGE_STANDARD = "gnu++20";
				CLANG_ENABLE_MODULES = YES;
				CLANG_ENABLE_OBJC_ARC = YES;
				CLANG_ENABLE_OBJC_WEAK = YES;
				CLANG_WARN_BLOCK_CAPTURE_AUTORELEASING = YES;
				CLANG_WARN_BOOL_CONVERSION = YES;
				CLANG_WARN_COMMA = YES;
				CLANG_WARN_CONSTANT_CONVERSION = YES;
				CLANG_WARN_DEPRECATED_OBJC_IMPLEMENTATIONS = YES;
				CLANG_WARN_DIRECT_OBJC_ISA_USAGE = YES_ERROR;
				CLANG_WARN_DOCUMENTATION_COMMENTS = YES;
				CLANG_WARN_EMPTY_BODY = YES;
				CLANG_WARN_ENUM_CONVERSION = YES;
				CLANG_WARN_INFINITE_RECURSION = YES;
				CLANG_WARN_INT_CONVERSION = YES;
				CLANG_WARN_NON_LITERAL_NULL_CONVERSION = YES;
				CLANG_WARN_OBJC_IMPLICIT_RETAIN_SELF = YES;
				CLANG_WARN_OBJC_LITERAL_CONVERSION = YES;
				CLANG_WARN_OBJC_ROOT_CLASS = YES_ERROR;
				CLANG_WARN_QUOTED_INCLUDE_IN_FRAMEWORK_HEADER = YES;
				CLANG_WARN_RANGE_LOOP_ANALYSIS = YES;
				CLANG_WARN_STRICT_PROTOTYPES = YES;
				CLANG_WARN_SUSPICIOUS_MOVE = YES;
				CLANG_WARN_UNGUARDED_AVAILABILITY = YES_AGGRESSIVE;
				CLANG_WARN_UNREACHABLE_CODE = YES;
				CLANG_WARN__DUPLICATE_METHOD_MATCH = YES;
				COPY_PHASE_STRIP = NO;
				DEBUG_INFORMATION_FORMAT = "dwarf-with-dsym";
				ENABLE_NS_ASSERTIONS = NO;
				ENABLE_STRICT_OBJC_MSGSEND = YES;
				ENABLE_USER_SCRIPT_SANDBOXING = YES;
				GCC_C_LANGUAGE_STANDARD = gnu17;
				GCC_NO_COMMON_BLOCKS = YES;
				GCC_WARN_64_TO_32_BIT_CONVERSION = YES;
				GCC_WARN_ABOUT_RETURN_TYPE = YES_ERROR;
				GCC_WARN_UNDECLARED_SELECTOR = YES;
				GCC_WARN_UNINITIALIZED_AUTOS = YES_AGGRESSIVE;
				GCC_WARN_UNUSED_FUNCTION = YES;
				GCC_WARN_UNUSED_VARIABLE = YES;
				IPHONEOS_DEPLOYMENT_TARGET = 17.0;
				LOCALIZATION_PREFERS_STRING_CATALOGS = YES;
				MTL_ENABLE_DEBUG_INFO = NO;
				MTL_FAST_MATH = YES;
				SDKROOT = iphoneos;
				SWIFT_COMPILATION_MODE = wholemodule;
				VALIDATE_PRODUCT = YES;
			};
			name = Release;
		};
		AE3E4DD62ADDC6E500F51E81 /* Debug */ = {
			isa = XCBuildConfiguration;
			buildSettings = {
				ASSETCATALOG_COMPILER_APPICON_NAME = AppIcon;
				ASSETCATALOG_COMPILER_GLOBAL_ACCENT_COLOR_NAME = AccentColor;
				CODE_SIGN_STYLE = Automatic;
				CURRENT_PROJECT_VERSION = 1;
				DEVELOPMENT_ASSET_PATHS = "\"AppleFrameworks/Preview Content\"";
				DEVELOPMENT_TEAM = 2GN2CM9M75;
				ENABLE_PREVIEWS = YES;
				GENERATE_INFOPLIST_FILE = YES;
				INFOPLIST_KEY_UIApplicationSceneManifest_Generation = YES;
				INFOPLIST_KEY_UIApplicationSupportsIndirectInputEvents = YES;
				INFOPLIST_KEY_UILaunchScreen_Generation = YES;
				INFOPLIST_KEY_UISupportedInterfaceOrientations_iPad = "UIInterfaceOrientationPortrait UIInterfaceOrientationPortraitUpsideDown UIInterfaceOrientationLandscapeLeft UIInterfaceOrientationLandscapeRight";
				INFOPLIST_KEY_UISupportedInterfaceOrientations_iPhone = "UIInterfaceOrientationPortrait UIInterfaceOrientationLandscapeLeft UIInterfaceOrientationLandscapeRight";
				LD_RUNPATH_SEARCH_PATHS = (
					"$(inherited)",
					"@executable_path/Frameworks",
				);
				MARKETING_VERSION = 1.0;
				PRODUCT_BUNDLE_IDENTIFIER = com.lex.AppleFrameworks;
				PRODUCT_NAME = "$(TARGET_NAME)";
				SWIFT_EMIT_LOC_STRINGS = YES;
				SWIFT_VERSION = 5.0;
				TARGETED_DEVICE_FAMILY = "1,2";
			};
			name = Debug;
		};
		AE3E4DD72ADDC6E500F51E81 /* Release */ = {
			isa = XCBuildConfiguration;
			buildSettings = {
				ASSETCATALOG_COMPILER_APPICON_NAME = AppIcon;
				ASSETCATALOG_COMPILER_GLOBAL_ACCENT_COLOR_NAME = AccentColor;
				CODE_SIGN_STYLE = Automatic;
				CURRENT_PROJECT_VERSION = 1;
				DEVELOPMENT_ASSET_PATHS = "\"AppleFrameworks/Preview Content\"";
				DEVELOPMENT_TEAM = 2GN2CM9M75;
				ENABLE_PREVIEWS = YES;
				GENERATE_INFOPLIST_FILE = YES;
				INFOPLIST_KEY_UIApplicationSceneManifest_Generation = YES;
				INFOPLIST_KEY_UIApplicationSupportsIndirectInputEvents = YES;
				INFOPLIST_KEY_UILaunchScreen_Generation = YES;
				INFOPLIST_KEY_UISupportedInterfaceOrientations_iPad = "UIInterfaceOrientationPortrait UIInterfaceOrientationPortraitUpsideDown UIInterfaceOrientationLandscapeLeft UIInterfaceOrientationLandscapeRight";
				INFOPLIST_KEY_UISupportedInterfaceOrientations_iPhone = "UIInterfaceOrientationPortrait UIInterfaceOrientationLandscapeLeft UIInterfaceOrientationLandscapeRight";
				LD_RUNPATH_SEARCH_PATHS = (
					"$(inherited)",
					"@executable_path/Frameworks",
				);
				MARKETING_VERSION = 1.0;
				PRODUCT_BUNDLE_IDENTIFIER = com.lex.AppleFrameworks;
				PRODUCT_NAME = "$(TARGET_NAME)";
				SWIFT_EMIT_LOC_STRINGS = YES;
				SWIFT_VERSION = 5.0;
				TARGETED_DEVICE_FAMILY = "1,2";
			};
			name = Release;
		};
/* End XCBuildConfiguration section */

/* Begin XCConfigurationList section */
		AE3E4DC22ADDC6E400F51E81 /* Build configuration list for PBXProject "AppleFrameworks" */ = {
			isa = XCConfigurationList;
			buildConfigurations = (
				AE3E4DD32ADDC6E500F51E81 /* Debug */,
				AE3E4DD42ADDC6E500F51E81 /* Release */,
			);
			defaultConfigurationIsVisible = 0;
			defaultConfigurationName = Release;
		};
		AE3E4DD52ADDC6E500F51E81 /* Build configuration list for PBXNativeTarget "AppleFrameworks" */ = {
			isa = XCConfigurationList;
			buildConfigurations = (
				AE3E4DD62ADDC6E500F51E81 /* Debug */,
				AE3E4DD72ADDC6E500F51E81 /* Release */,
			);
			defaultConfigurationIsVisible = 0;
			defaultConfigurationName = Release;
		};
/* End XCConfigurationList section */
	};
	rootObject = AE3E4DBF2ADDC6E400F51E81 /* Project object */;
}
